
Microsoft Visual Studio Solution File, Format Version 12.00
# Visual Studio 2012
Project("{FAE04EC0-301F-11D3-BF4B-00C04F79EFBC}") = "TileConsoleService", "TileConsoleService\TileConsoleService.csproj", "{CBB0AE86-B5B1-453D-BE52-2D2BCDEA4322}"
EndProject
Project("{FAE04EC0-301F-11D3-BF4B-00C04F79EFBC}") = "TileRestService", "TileRestService\TileRestService.csproj", "{706BE93B-DF3A-4D68-B3E1-85FB522400CA}"
EndProject
Project("{FAE04EC0-301F-11D3-BF4B-00C04F79EFBC}") = "TestTileClient", "TestTileClient\TestTileClient.csproj", "{F076B8A3-16AF-4E71-AA22-DB32F7C841E3}"
EndProject
Project("{2150E333-8FDC-42A3-9474-1A3956D46DE8}") = "Common", "Common", "{EAF32ACD-76E1-4C7C-8D66-E54D500DD807}"
EndProject
Project("{2150E333-8FDC-42A3-9474-1A3956D46DE8}") = "ConsoleServices", "ConsoleServices", "{D2D9758D-C951-45D9-AD3A-CD6F86FB2CEF}"
EndProject
Project("{2150E333-8FDC-42A3-9474-1A3956D46DE8}") = "Test", "Test", "{5A811BB7-200E-42FA-923D-2025AA3A83B8}"
EndProject
Project("{2150E333-8FDC-42A3-9474-1A3956D46DE8}") = "Services", "Services", "{8DEF8D24-6D0E-4D76-9171-DBC5D71C829D}"
EndProject
Project("{FAE04EC0-301F-11D3-BF4B-00C04F79EFBC}") = "Network", "Network\Network.csproj", "{5D670B5D-4216-4737-90C5-B6C90A5EF358}"
EndProject
Project("{FAE04EC0-301F-11D3-BF4B-00C04F79EFBC}") = "Commons", "Commons\Commons.csproj", "{DBC6ACD3-A5DC-4B07-8E31-DFEF24CE8FD8}"
EndProject
Project("{FAE04EC0-301F-11D3-BF4B-00C04F79EFBC}") = "Converter", "Converter\Converter.csproj", "{E9B869BC-C7F5-4A7E-8702-B6B9D41E7DDF}"
EndProject
Global
	GlobalSection(SolutionConfigurationPlatforms) = preSolution
		Debug|Any CPU = Debug|Any CPU
		Release|Any CPU = Release|Any CPU
	EndGlobalSection
	GlobalSection(ProjectConfigurationPlatforms) = postSolution
		{CBB0AE86-B5B1-453D-BE52-2D2BCDEA4322}.Debug|Any CPU.ActiveCfg = Debug|Any CPU
		{CBB0AE86-B5B1-453D-BE52-2D2BCDEA4322}.Debug|Any CPU.Build.0 = Debug|Any CPU
		{CBB0AE86-B5B1-453D-BE52-2D2BCDEA4322}.Release|Any CPU.ActiveCfg = Release|Any CPU
		{CBB0AE86-B5B1-453D-BE52-2D2BCDEA4322}.Release|Any CPU.Build.0 = Release|Any CPU
		{706BE93B-DF3A-4D68-B3E1-85FB522400CA}.Debug|Any CPU.ActiveCfg = Debug|Any CPU
		{706BE93B-DF3A-4D68-B3E1-85FB522400CA}.Debug|Any CPU.Build.0 = Debug|Any CPU
		{706BE93B-DF3A-4D68-B3E1-85FB522400CA}.Release|Any CPU.ActiveCfg = Release|Any CPU
		{706BE93B-DF3A-4D68-B3E1-85FB522400CA}.Release|Any CPU.Build.0 = Release|Any CPU
		{F076B8A3-16AF-4E71-AA22-DB32F7C841E3}.Debug|Any CPU.ActiveCfg = Debug|Any CPU
		{F076B8A3-16AF-4E71-AA22-DB32F7C841E3}.Debug|Any CPU.Build.0 = Debug|Any CPU
		{F076B8A3-16AF-4E71-AA22-DB32F7C841E3}.Release|Any CPU.ActiveCfg = Release|Any CPU
		{F076B8A3-16AF-4E71-AA22-DB32F7C841E3}.Release|Any CPU.Build.0 = Release|Any CPU
		{5D670B5D-4216-4737-90C5-B6C90A5EF358}.Debug|Any CPU.ActiveCfg = Debug|Any CPU
		{5D670B5D-4216-4737-90C5-B6C90A5EF358}.Debug|Any CPU.Build.0 = Debug|Any CPU
		{5D670B5D-4216-4737-90C5-B6C90A5EF358}.Release|Any CPU.ActiveCfg = Release|Any CPU
		{5D670B5D-4216-4737-90C5-B6C90A5EF358}.Release|Any CPU.Build.0 = Release|Any CPU
		{DBC6ACD3-A5DC-4B07-8E31-DFEF24CE8FD8}.Debug|Any CPU.ActiveCfg = Debug|Any CPU
		{DBC6ACD3-A5DC-4B07-8E31-DFEF24CE8FD8}.Debug|Any CPU.Build.0 = Debug|Any CPU
		{DBC6ACD3-A5DC-4B07-8E31-DFEF24CE8FD8}.Release|Any CPU.ActiveCfg = Release|Any CPU
		{DBC6ACD3-A5DC-4B07-8E31-DFEF24CE8FD8}.Release|Any CPU.Build.0 = Release|Any CPU
		{E9B869BC-C7F5-4A7E-8702-B6B9D41E7DDF}.Debug|Any CPU.ActiveCfg = Debug|Any CPU
		{E9B869BC-C7F5-4A7E-8702-B6B9D41E7DDF}.Debug|Any CPU.Build.0 = Debug|Any CPU
		{E9B869BC-C7F5-4A7E-8702-B6B9D41E7DDF}.Release|Any CPU.ActiveCfg = Release|Any CPU
		{E9B869BC-C7F5-4A7E-8702-B6B9D41E7DDF}.Release|Any CPU.Build.0 = Release|Any CPU
	EndGlobalSection
	GlobalSection(SolutionProperties) = preSolution
		HideSolutionNode = FALSE
	EndGlobalSection
	GlobalSection(NestedProjects) = preSolution
		{5D670B5D-4216-4737-90C5-B6C90A5EF358} = {EAF32ACD-76E1-4C7C-8D66-E54D500DD807}
		{DBC6ACD3-A5DC-4B07-8E31-DFEF24CE8FD8} = {EAF32ACD-76E1-4C7C-8D66-E54D500DD807}
		{E9B869BC-C7F5-4A7E-8702-B6B9D41E7DDF} = {EAF32ACD-76E1-4C7C-8D66-E54D500DD807}
		{CBB0AE86-B5B1-453D-BE52-2D2BCDEA4322} = {D2D9758D-C951-45D9-AD3A-CD6F86FB2CEF}
		{F076B8A3-16AF-4E71-AA22-DB32F7C841E3} = {5A811BB7-200E-42FA-923D-2025AA3A83B8}
		{706BE93B-DF3A-4D68-B3E1-85FB522400CA} = {8DEF8D24-6D0E-4D76-9171-DBC5D71C829D}
	EndGlobalSection
EndGlobal
